// !$*UTF8*$!
{
	archiveVersion = 1;
	classes = {
	};
	objectVersion = 55;
	objects = {

/* Begin PBXBuildFile section */
		250B50D02953D12500397038 /* CarTubeApp.swift in Sources */ = {isa = PBXBuildFile; fileRef = 250B50CF2953D12500397038 /* CarTubeApp.swift */; };
		250B50D22953D12500397038 /* ContentView.swift in Sources */ = {isa = PBXBuildFile; fileRef = 250B50D12953D12500397038 /* ContentView.swift */; };
		250B50D72953D12800397038 /* Preview Assets.xcassets in Resources */ = {isa = PBXBuildFile; fileRef = 250B50D62953D12800397038 /* Preview Assets.xcassets */; };
		250B50EC2953D29100397038 /* CarPlayViewController.swift in Sources */ = {isa = PBXBuildFile; fileRef = 250B50E92953D29100397038 /* CarPlayViewController.swift */; };
		250B50ED2953D29100397038 /* CarPlaySceneDelegate.swift in Sources */ = {isa = PBXBuildFile; fileRef = 250B50EA2953D29100397038 /* CarPlaySceneDelegate.swift */; };
		250B50EE2953D29100397038 /* CarPlaySingleton.swift in Sources */ = {isa = PBXBuildFile; fileRef = 250B50EB2953D29100397038 /* CarPlaySingleton.swift */; };
		250B50F32953D2F600397038 /* SponsorBlock.js in Resources */ = {isa = PBXBuildFile; fileRef = 250B50F12953D2F600397038 /* SponsorBlock.js */; };
		250B50F52953D37A00397038 /* Assets.xcassets in Resources */ = {isa = PBXBuildFile; fileRef = 250B50F42953D37A00397038 /* Assets.xcassets */; };
		255396962967BA8B00E49F9E /* String++.swift in Sources */ = {isa = PBXBuildFile; fileRef = 255396952967BA8B00E49F9E /* String++.swift */; };
		257D148C297A3F040095689E /* HideScrollBar.m in Sources */ = {isa = PBXBuildFile; fileRef = 257D1489297A3E6B0095689E /* HideScrollBar.m */; };
		257D148D297A3F270095689E /* AutoHookImplementor.m in Sources */ = {isa = PBXBuildFile; fileRef = 257D148A297A3E6B0095689E /* AutoHookImplementor.m */; };
		257D1495297A58220095689E /* ShareViewController.swift in Sources */ = {isa = PBXBuildFile; fileRef = 257D1494297A58220095689E /* ShareViewController.swift */; };
		257D149C297A58220095689E /* PlayOnCarTube.appex in Embed Foundation Extensions */ = {isa = PBXBuildFile; fileRef = 257D1492297A58220095689E /* PlayOnCarTube.appex */; settings = {ATTRIBUTES = (RemoveHeadersOnCopy, ); }; };
		2582148C296559EA00610408 /* Alert++.swift in Sources */ = {isa = PBXBuildFile; fileRef = 2578407829540CC900357803 /* Alert++.swift */; };
		25821490296567EC00610408 /* Incrementer.swift in Sources */ = {isa = PBXBuildFile; fileRef = 2582148F296567EC00610408 /* Incrementer.swift */; };
		25838A2A297BD69600B3990A /* AutoResize.m in Sources */ = {isa = PBXBuildFile; fileRef = 25838A29297BD69600B3990A /* AutoResize.m */; };
		25838A33297BEBC400B3990A /* AgeRestrictBypass.js in Resources */ = {isa = PBXBuildFile; fileRef = 25838A32297BEA3500B3990A /* AgeRestrictBypass.js */; };
		25838A35297C00D400B3990A /* AdBlocker.js in Resources */ = {isa = PBXBuildFile; fileRef = 25838A34297BFDEB00B3990A /* AdBlocker.js */; };
		25838A37297C01A700B3990A /* SplashScreen.swift in Sources */ = {isa = PBXBuildFile; fileRef = 25838A36297C01A700B3990A /* SplashScreen.swift */; };
		2583A81729663D0C00EBEFB9 /* Constants.swift in Sources */ = {isa = PBXBuildFile; fileRef = 2583A81629663D0C00EBEFB9 /* Constants.swift */; };
		2583A819296659CE00EBEFB9 /* Settings.swift in Sources */ = {isa = PBXBuildFile; fileRef = 2583A818296659CE00EBEFB9 /* Settings.swift */; };
		2583C1EB2966278C00E3D17C /* Utilities.swift in Sources */ = {isa = PBXBuildFile; fileRef = 2583C1EA2966278C00E3D17C /* Utilities.swift */; };
		2587378A2964F03D009EAA2A /* NoSleepEnable.js in Resources */ = {isa = PBXBuildFile; fileRef = 258737892964EA02009EAA2A /* NoSleepEnable.js */; };
		259385A52961A4BB0029C763 /* KeyboardView.swift in Sources */ = {isa = PBXBuildFile; fileRef = 259385A42961A4BB0029C763 /* KeyboardView.swift */; };
		25A2A5932967917B004A9AB1 /* Debug.swift in Sources */ = {isa = PBXBuildFile; fileRef = 25A2A5922967917B004A9AB1 /* Debug.swift */; };
		25A2A59529679BF2004A9AB1 /* HowTo.swift in Sources */ = {isa = PBXBuildFile; fileRef = 25A2A59429679BF2004A9AB1 /* HowTo.swift */; };
		25EED73A295F05AA00C0DF56 /* CustomLayout.js in Resources */ = {isa = PBXBuildFile; fileRef = 25EED739295F059A00C0DF56 /* CustomLayout.js */; };
		25F18067295EC2A5007B9940 /* Dynamic in Frameworks */ = {isa = PBXBuildFile; productRef = 25F18066295EC2A5007B9940 /* Dynamic */; };
/* End PBXBuildFile section */

/* Begin PBXContainerItemProxy section */
		257D149A297A58220095689E /* PBXContainerItemProxy */ = {
			isa = PBXContainerItemProxy;
			containerPortal = 250B50C42953D12500397038 /* Project object */;
			proxyType = 1;
			remoteGlobalIDString = 257D1491297A58220095689E;
			remoteInfo = PlayOnCarTube;
		};
/* End PBXContainerItemProxy section */

/* Begin PBXCopyFilesBuildPhase section */
		250B510E2953D59B00397038 /* Embed Foundation Extensions */ = {
			isa = PBXCopyFilesBuildPhase;
			buildActionMask = 2147483647;
			dstPath = "";
			dstSubfolderSpec = 13;
			files = (
				257D149C297A58220095689E /* PlayOnCarTube.appex in Embed Foundation Extensions */,
			);
			name = "Embed Foundation Extensions";
			runOnlyForDeploymentPostprocessing = 0;
		};
/* End PBXCopyFilesBuildPhase section */

/* Begin PBXFileReference section */
		250B50CC2953D12500397038 /* CarTube.app */ = {isa = PBXFileReference; explicitFileType = wrapper.application; includeInIndex = 0; path = CarTube.app; sourceTree = BUILT_PRODUCTS_DIR; };
		250B50CF2953D12500397038 /* CarTubeApp.swift */ = {isa = PBXFileReference; lastKnownFileType = sourcecode.swift; path = CarTubeApp.swift; sourceTree = "<group>"; };
		250B50D12953D12500397038 /* ContentView.swift */ = {isa = PBXFileReference; lastKnownFileType = sourcecode.swift; path = ContentView.swift; sourceTree = "<group>"; };
		250B50D62953D12800397038 /* Preview Assets.xcassets */ = {isa = PBXFileReference; lastKnownFileType = folder.assetcatalog; path = "Preview Assets.xcassets"; sourceTree = "<group>"; };
		250B50E82953D26200397038 /* CarTube.entitlements */ = {isa = PBXFileReference; lastKnownFileType = text.plist.entitlements; path = CarTube.entitlements; sourceTree = "<group>"; };
		250B50E92953D29100397038 /* CarPlayViewController.swift */ = {isa = PBXFileReference; fileEncoding = 4; lastKnownFileType = sourcecode.swift; path = CarPlayViewController.swift; sourceTree = "<group>"; };
		250B50EA2953D29100397038 /* CarPlaySceneDelegate.swift */ = {isa = PBXFileReference; fileEncoding = 4; lastKnownFileType = sourcecode.swift; path = CarPlaySceneDelegate.swift; sourceTree = "<group>"; };
		250B50EB2953D29100397038 /* CarPlaySingleton.swift */ = {isa = PBXFileReference; fileEncoding = 4; lastKnownFileType = sourcecode.swift; path = CarPlaySingleton.swift; sourceTree = "<group>"; };
		250B50F12953D2F600397038 /* SponsorBlock.js */ = {isa = PBXFileReference; fileEncoding = 4; lastKnownFileType = sourcecode.javascript; path = SponsorBlock.js; sourceTree = "<group>"; };
		250B50F42953D37A00397038 /* Assets.xcassets */ = {isa = PBXFileReference; lastKnownFileType = folder.assetcatalog; name = Assets.xcassets; path = ../../TrollTube/TrollTube/Assets.xcassets; sourceTree = "<group>"; };
		250B50FD2953D59B00397038 /* UniformTypeIdentifiers.framework */ = {isa = PBXFileReference; lastKnownFileType = wrapper.framework; name = UniformTypeIdentifiers.framework; path = System/Library/Frameworks/UniformTypeIdentifiers.framework; sourceTree = SDKROOT; };
		255396952967BA8B00E49F9E /* String++.swift */ = {isa = PBXFileReference; lastKnownFileType = sourcecode.swift; path = "String++.swift"; sourceTree = "<group>"; };
		2578407829540CC900357803 /* Alert++.swift */ = {isa = PBXFileReference; lastKnownFileType = sourcecode.swift; path = "Alert++.swift"; sourceTree = "<group>"; };
		257D147E297A38C10095689E /* CarTube-Bridging-Header.h */ = {isa = PBXFileReference; lastKnownFileType = sourcecode.c.h; path = "CarTube-Bridging-Header.h"; sourceTree = "<group>"; };
		257D1488297A3E6A0095689E /* AutoHook.h */ = {isa = PBXFileReference; lastKnownFileType = sourcecode.c.h; path = AutoHook.h; sourceTree = "<group>"; };
		257D1489297A3E6B0095689E /* HideScrollBar.m */ = {isa = PBXFileReference; lastKnownFileType = sourcecode.c.objc; path = HideScrollBar.m; sourceTree = "<group>"; };
		257D148A297A3E6B0095689E /* AutoHookImplementor.m */ = {isa = PBXFileReference; lastKnownFileType = sourcecode.c.objc; path = AutoHookImplementor.m; sourceTree = "<group>"; };
		257D148B297A3E6B0095689E /* _UIStaticScrollBar.h */ = {isa = PBXFileReference; lastKnownFileType = sourcecode.c.h; path = _UIStaticScrollBar.h; sourceTree = "<group>"; };
		257D1492297A58220095689E /* PlayOnCarTube.appex */ = {isa = PBXFileReference; explicitFileType = "wrapper.app-extension"; includeInIndex = 0; path = PlayOnCarTube.appex; sourceTree = BUILT_PRODUCTS_DIR; };
		257D1494297A58220095689E /* ShareViewController.swift */ = {isa = PBXFileReference; lastKnownFileType = sourcecode.swift; path = ShareViewController.swift; sourceTree = "<group>"; };
		257D1499297A58220095689E /* Info.plist */ = {isa = PBXFileReference; lastKnownFileType = text.plist.xml; path = Info.plist; sourceTree = "<group>"; };
		2582148F296567EC00610408 /* Incrementer.swift */ = {isa = PBXFileReference; lastKnownFileType = sourcecode.swift; path = Incrementer.swift; sourceTree = "<group>"; };
		25838A29297BD69600B3990A /* AutoResize.m */ = {isa = PBXFileReference; lastKnownFileType = sourcecode.c.objc; path = AutoResize.m; sourceTree = "<group>"; };
		25838A2B297BD82100B3990A /* UIScreen+_isCarScreen.h */ = {isa = PBXFileReference; fileEncoding = 4; lastKnownFileType = sourcecode.c.h; path = "UIScreen+_isCarScreen.h"; sourceTree = "<group>"; };
		25838A2E297BE12000B3990A /* WebView+Additions.h */ = {isa = PBXFileReference; lastKnownFileType = sourcecode.c.h; path = "WebView+Additions.h"; sourceTree = "<group>"; };
		25838A2F297BE3B400B3990A /* AVExternalDevice.h */ = {isa = PBXFileReference; lastKnownFileType = sourcecode.c.h; path = AVExternalDevice.h; sourceTree = "<group>"; };
		25838A32297BEA3500B3990A /* AgeRestrictBypass.js */ = {isa = PBXFileReference; lastKnownFileType = sourcecode.javascript; path = AgeRestrictBypass.js; sourceTree = "<group>"; };
		25838A34297BFDEB00B3990A /* AdBlocker.js */ = {isa = PBXFileReference; lastKnownFileType = sourcecode.javascript; path = AdBlocker.js; sourceTree = "<group>"; };
		25838A36297C01A700B3990A /* SplashScreen.swift */ = {isa = PBXFileReference; lastKnownFileType = sourcecode.swift; path = SplashScreen.swift; sourceTree = "<group>"; };
		25838A3A297C11D200B3990A /* UITextEffectsWindow.h */ = {isa = PBXFileReference; fileEncoding = 4; lastKnownFileType = sourcecode.c.h; path = UITextEffectsWindow.h; sourceTree = "<group>"; };
		2583A81629663D0C00EBEFB9 /* Constants.swift */ = {isa = PBXFileReference; lastKnownFileType = sourcecode.swift; path = Constants.swift; sourceTree = "<group>"; };
		2583A818296659CE00EBEFB9 /* Settings.swift */ = {isa = PBXFileReference; lastKnownFileType = sourcecode.swift; path = Settings.swift; sourceTree = "<group>"; };
		2583C1EA2966278C00E3D17C /* Utilities.swift */ = {isa = PBXFileReference; lastKnownFileType = sourcecode.swift; path = Utilities.swift; sourceTree = "<group>"; };
		258737892964EA02009EAA2A /* NoSleepEnable.js */ = {isa = PBXFileReference; lastKnownFileType = sourcecode.javascript; path = NoSleepEnable.js; sourceTree = "<group>"; };
		259385A42961A4BB0029C763 /* KeyboardView.swift */ = {isa = PBXFileReference; lastKnownFileType = sourcecode.swift; path = KeyboardView.swift; sourceTree = "<group>"; };
		25A2A5922967917B004A9AB1 /* Debug.swift */ = {isa = PBXFileReference; lastKnownFileType = sourcecode.swift; path = Debug.swift; sourceTree = "<group>"; };
		25A2A59429679BF2004A9AB1 /* HowTo.swift */ = {isa = PBXFileReference; lastKnownFileType = sourcecode.swift; path = HowTo.swift; sourceTree = "<group>"; };
		25EED739295F059A00C0DF56 /* CustomLayout.js */ = {isa = PBXFileReference; lastKnownFileType = sourcecode.javascript; path = CustomLayout.js; sourceTree = "<group>"; };
/* End PBXFileReference section */

/* Begin PBXFrameworksBuildPhase section */
		250B50C92953D12500397038 /* Frameworks */ = {
			isa = PBXFrameworksBuildPhase;
			buildActionMask = 2147483647;
			files = (
				25F18067295EC2A5007B9940 /* Dynamic in Frameworks */,
			);
			runOnlyForDeploymentPostprocessing = 0;
		};
		257D148F297A58220095689E /* Frameworks */ = {
			isa = PBXFrameworksBuildPhase;
			buildActionMask = 2147483647;
			files = (
			);
			runOnlyForDeploymentPostprocessing = 0;
		};
/* End PBXFrameworksBuildPhase section */

/* Begin PBXGroup section */
		250B50C32953D12500397038 = {
			isa = PBXGroup;
			children = (
				250B50CE2953D12500397038 /* CarTube */,
				257D1493297A58220095689E /* PlayOnCarTube */,
				250B50FC2953D59B00397038 /* Frameworks */,
				250B50CD2953D12500397038 /* Products */,
			);
			sourceTree = "<group>";
		};
		250B50CD2953D12500397038 /* Products */ = {
			isa = PBXGroup;
			children = (
				250B50CC2953D12500397038 /* CarTube.app */,
				257D1492297A58220095689E /* PlayOnCarTube.appex */,
			);
			name = Products;
			sourceTree = "<group>";
		};
		250B50CE2953D12500397038 /* CarTube */ = {
			isa = PBXGroup;
			children = (
				25838A30297BE52C00B3990A /* Headers */,
				257D147E297A38C10095689E /* CarTube-Bridging-Header.h */,
				257D1487297A3E600095689E /* Hooks */,
				2582148B2965595F00610408 /* Views */,
				250B50EF2953D2F600397038 /* Scripts */,
				255396972967C15700E49F9E /* Extensions */,
				250B50F62953D3D800397038 /* CarPlay */,
				250B50E82953D26200397038 /* CarTube.entitlements */,
				250B50CF2953D12500397038 /* CarTubeApp.swift */,
				250B50F42953D37A00397038 /* Assets.xcassets */,
				2583A81529663CF300EBEFB9 /* Util */,
				250B50D52953D12800397038 /* Preview Content */,
			);
			path = CarTube;
			sourceTree = "<group>";
		};
		250B50D52953D12800397038 /* Preview Content */ = {
			isa = PBXGroup;
			children = (
				250B50D62953D12800397038 /* Preview Assets.xcassets */,
			);
			path = "Preview Content";
			sourceTree = "<group>";
		};
		250B50EF2953D2F600397038 /* Scripts */ = {
			isa = PBXGroup;
			children = (
				25838A32297BEA3500B3990A /* AgeRestrictBypass.js */,
				258737892964EA02009EAA2A /* NoSleepEnable.js */,
				250B50F12953D2F600397038 /* SponsorBlock.js */,
				25EED739295F059A00C0DF56 /* CustomLayout.js */,
				25838A34297BFDEB00B3990A /* AdBlocker.js */,
			);
			path = Scripts;
			sourceTree = "<group>";
		};
		250B50F62953D3D800397038 /* CarPlay */ = {
			isa = PBXGroup;
			children = (
				250B50E92953D29100397038 /* CarPlayViewController.swift */,
				250B50EA2953D29100397038 /* CarPlaySceneDelegate.swift */,
				250B50EB2953D29100397038 /* CarPlaySingleton.swift */,
			);
			path = CarPlay;
			sourceTree = "<group>";
		};
		250B50FC2953D59B00397038 /* Frameworks */ = {
			isa = PBXGroup;
			children = (
				250B50FD2953D59B00397038 /* UniformTypeIdentifiers.framework */,
			);
			name = Frameworks;
			sourceTree = "<group>";
		};
		255396972967C15700E49F9E /* Extensions */ = {
			isa = PBXGroup;
			children = (
				2578407829540CC900357803 /* Alert++.swift */,
				255396952967BA8B00E49F9E /* String++.swift */,
			);
			path = Extensions;
			sourceTree = "<group>";
		};
		257D1487297A3E600095689E /* Hooks */ = {
			isa = PBXGroup;
			children = (
				25838A2D297BDDF900B3990A /* AutoHook */,
				25838A2C297BDDDC00B3990A /* Headers */,
				257D1489297A3E6B0095689E /* HideScrollBar.m */,
				25838A29297BD69600B3990A /* AutoResize.m */,
			);
			path = Hooks;
			sourceTree = "<group>";
		};
		257D1493297A58220095689E /* PlayOnCarTube */ = {
			isa = PBXGroup;
			children = (
				257D1494297A58220095689E /* ShareViewController.swift */,
				257D1499297A58220095689E /* Info.plist */,
			);
			path = PlayOnCarTube;
			sourceTree = "<group>";
		};
		2582148B2965595F00610408 /* Views */ = {
			isa = PBXGroup;
			children = (
				259385A42961A4BB0029C763 /* KeyboardView.swift */,
				250B50D12953D12500397038 /* ContentView.swift */,
				2582148F296567EC00610408 /* Incrementer.swift */,
				2583A818296659CE00EBEFB9 /* Settings.swift */,
				25A2A5922967917B004A9AB1 /* Debug.swift */,
				25A2A59429679BF2004A9AB1 /* HowTo.swift */,
				25838A36297C01A700B3990A /* SplashScreen.swift */,
			);
			path = Views;
			sourceTree = "<group>";
		};
		25838A2C297BDDDC00B3990A /* Headers */ = {
			isa = PBXGroup;
			children = (
				25838A3A297C11D200B3990A /* UITextEffectsWindow.h */,
				257D148B297A3E6B0095689E /* _UIStaticScrollBar.h */,
				25838A2B297BD82100B3990A /* UIScreen+_isCarScreen.h */,
			);
			path = Headers;
			sourceTree = "<group>";
		};
		25838A2D297BDDF900B3990A /* AutoHook */ = {
			isa = PBXGroup;
			children = (
				257D1488297A3E6A0095689E /* AutoHook.h */,
				257D148A297A3E6B0095689E /* AutoHookImplementor.m */,
			);
			path = AutoHook;
			sourceTree = "<group>";
		};
		25838A30297BE52C00B3990A /* Headers */ = {
			isa = PBXGroup;
			children = (
				25838A2F297BE3B400B3990A /* AVExternalDevice.h */,
				25838A2E297BE12000B3990A /* WebView+Additions.h */,
			);
			path = Headers;
			sourceTree = "<group>";
		};
		2583A81529663CF300EBEFB9 /* Util */ = {
			isa = PBXGroup;
			children = (
				2583C1EA2966278C00E3D17C /* Utilities.swift */,
				2583A81629663D0C00EBEFB9 /* Constants.swift */,
			);
			path = Util;
			sourceTree = "<group>";
		};
/* End PBXGroup section */

/* Begin PBXNativeTarget section */
		250B50CB2953D12500397038 /* CarTube */ = {
			isa = PBXNativeTarget;
			buildConfigurationList = 250B50DA2953D12800397038 /* Build configuration list for PBXNativeTarget "CarTube" */;
			buildPhases = (
				250B50C82953D12500397038 /* Sources */,
				250B50C92953D12500397038 /* Frameworks */,
				250B50CA2953D12500397038 /* Resources */,
				250B510E2953D59B00397038 /* Embed Foundation Extensions */,
			);
			buildRules = (
			);
			dependencies = (
				257D149B297A58220095689E /* PBXTargetDependency */,
			);
			name = CarTube;
			packageProductDependencies = (
				25F18066295EC2A5007B9940 /* Dynamic */,
			);
			productName = CarTube;
			productReference = 250B50CC2953D12500397038 /* CarTube.app */;
			productType = "com.apple.product-type.application";
		};
		257D1491297A58220095689E /* PlayOnCarTube */ = {
			isa = PBXNativeTarget;
			buildConfigurationList = 257D149D297A58220095689E /* Build configuration list for PBXNativeTarget "PlayOnCarTube" */;
			buildPhases = (
				257D148E297A58220095689E /* Sources */,
				257D148F297A58220095689E /* Frameworks */,
				257D1490297A58220095689E /* Resources */,
			);
			buildRules = (
			);
			dependencies = (
			);
			name = PlayOnCarTube;
			productName = PlayOnCarTube;
			productReference = 257D1492297A58220095689E /* PlayOnCarTube.appex */;
			productType = "com.apple.product-type.app-extension";
		};
/* End PBXNativeTarget section */

/* Begin PBXProject section */
		250B50C42953D12500397038 /* Project object */ = {
			isa = PBXProject;
			attributes = {
				BuildIndependentTargetsInParallel = 1;
				LastSwiftUpdateCheck = 1420;
				LastUpgradeCheck = 1420;
				TargetAttributes = {
					250B50CB2953D12500397038 = {
						CreatedOnToolsVersion = 13.2.1;
						LastSwiftMigration = 1420;
					};
					257D1491297A58220095689E = {
						CreatedOnToolsVersion = 14.2;
					};
				};
			};
			buildConfigurationList = 250B50C72953D12500397038 /* Build configuration list for PBXProject "CarTube" */;
			compatibilityVersion = "Xcode 13.0";
			developmentRegion = en;
			hasScannedForEncodings = 0;
			knownRegions = (
				en,
				Base,
			);
			mainGroup = 250B50C32953D12500397038;
			packageReferences = (
				25F18065295EC2A5007B9940 /* XCRemoteSwiftPackageReference "Dynamic" */,
			);
			productRefGroup = 250B50CD2953D12500397038 /* Products */;
			projectDirPath = "";
			projectRoot = "";
			targets = (
				250B50CB2953D12500397038 /* CarTube */,
				257D1491297A58220095689E /* PlayOnCarTube */,
			);
		};
/* End PBXProject section */

/* Begin PBXResourcesBuildPhase section */
		250B50CA2953D12500397038 /* Resources */ = {
			isa = PBXResourcesBuildPhase;
			buildActionMask = 2147483647;
			files = (
				2587378A2964F03D009EAA2A /* NoSleepEnable.js in Resources */,
				250B50D72953D12800397038 /* Preview Assets.xcassets in Resources */,
				250B50F32953D2F600397038 /* SponsorBlock.js in Resources */,
				250B50F52953D37A00397038 /* Assets.xcassets in Resources */,
				25838A33297BEBC400B3990A /* AgeRestrictBypass.js in Resources */,
				25838A35297C00D400B3990A /* AdBlocker.js in Resources */,
				25EED73A295F05AA00C0DF56 /* CustomLayout.js in Resources */,
			);
			runOnlyForDeploymentPostprocessing = 0;
		};
		257D1490297A58220095689E /* Resources */ = {
			isa = PBXResourcesBuildPhase;
			buildActionMask = 2147483647;
			files = (
			);
			runOnlyForDeploymentPostprocessing = 0;
		};
/* End PBXResourcesBuildPhase section */

/* Begin PBXSourcesBuildPhase section */
		250B50C82953D12500397038 /* Sources */ = {
			isa = PBXSourcesBuildPhase;
			buildActionMask = 2147483647;
			files = (
				25838A37297C01A700B3990A /* SplashScreen.swift in Sources */,
				25838A2A297BD69600B3990A /* AutoResize.m in Sources */,
				257D148C297A3F040095689E /* HideScrollBar.m in Sources */,
				255396962967BA8B00E49F9E /* String++.swift in Sources */,
				259385A52961A4BB0029C763 /* KeyboardView.swift in Sources */,
				2583A81729663D0C00EBEFB9 /* Constants.swift in Sources */,
				25821490296567EC00610408 /* Incrementer.swift in Sources */,
				250B50EC2953D29100397038 /* CarPlayViewController.swift in Sources */,
				257D148D297A3F270095689E /* AutoHookImplementor.m in Sources */,
				25A2A59529679BF2004A9AB1 /* HowTo.swift in Sources */,
				250B50D22953D12500397038 /* ContentView.swift in Sources */,
				25A2A5932967917B004A9AB1 /* Debug.swift in Sources */,
				2583A819296659CE00EBEFB9 /* Settings.swift in Sources */,
				250B50D02953D12500397038 /* CarTubeApp.swift in Sources */,
				250B50EE2953D29100397038 /* CarPlaySingleton.swift in Sources */,
				2582148C296559EA00610408 /* Alert++.swift in Sources */,
				2583C1EB2966278C00E3D17C /* Utilities.swift in Sources */,
				250B50ED2953D29100397038 /* CarPlaySceneDelegate.swift in Sources */,
			);
			runOnlyForDeploymentPostprocessing = 0;
		};
		257D148E297A58220095689E /* Sources */ = {
			isa = PBXSourcesBuildPhase;
			buildActionMask = 2147483647;
			files = (
				257D1495297A58220095689E /* ShareViewController.swift in Sources */,
			);
			runOnlyForDeploymentPostprocessing = 0;
		};
/* End PBXSourcesBuildPhase section */

/* Begin PBXTargetDependency section */
		257D149B297A58220095689E /* PBXTargetDependency */ = {
			isa = PBXTargetDependency;
			target = 257D1491297A58220095689E /* PlayOnCarTube */;
			targetProxy = 257D149A297A58220095689E /* PBXContainerItemProxy */;
		};
/* End PBXTargetDependency section */

/* Begin XCBuildConfiguration section */
		250B50D82953D12800397038 /* Debug */ = {
			isa = XCBuildConfiguration;
			buildSettings = {
				ALWAYS_SEARCH_USER_PATHS = NO;
				CLANG_ANALYZER_NONNULL = YES;
				CLANG_ANALYZER_NUMBER_OBJECT_CONVERSION = YES_AGGRESSIVE;
				CLANG_CXX_LANGUAGE_STANDARD = "gnu++17";
				CLANG_CXX_LIBRARY = "libc++";
				CLANG_ENABLE_MODULES = YES;
				CLANG_ENABLE_OBJC_ARC = YES;
				CLANG_ENABLE_OBJC_WEAK = YES;
				CLANG_WARN_BLOCK_CAPTURE_AUTORELEASING = YES;
				CLANG_WARN_BOOL_CONVERSION = YES;
				CLANG_WARN_COMMA = YES;
				CLANG_WARN_CONSTANT_CONVERSION = YES;
				CLANG_WARN_DEPRECATED_OBJC_IMPLEMENTATIONS = YES;
				CLANG_WARN_DIRECT_OBJC_ISA_USAGE = YES_ERROR;
				CLANG_WARN_DOCUMENTATION_COMMENTS = YES;
				CLANG_WARN_EMPTY_BODY = YES;
				CLANG_WARN_ENUM_CONVERSION = YES;
				CLANG_WARN_INFINITE_RECURSION = YES;
				CLANG_WARN_INT_CONVERSION = YES;
				CLANG_WARN_NON_LITERAL_NULL_CONVERSION = YES;
				CLANG_WARN_OBJC_IMPLICIT_RETAIN_SELF = YES;
				CLANG_WARN_OBJC_LITERAL_CONVERSION = YES;
				CLANG_WARN_OBJC_ROOT_CLASS = YES_ERROR;
				CLANG_WARN_QUOTED_INCLUDE_IN_FRAMEWORK_HEADER = YES;
				CLANG_WARN_RANGE_LOOP_ANALYSIS = YES;
				CLANG_WARN_STRICT_PROTOTYPES = YES;
				CLANG_WARN_SUSPICIOUS_MOVE = YES;
				CLANG_WARN_UNGUARDED_AVAILABILITY = YES_AGGRESSIVE;
				CLANG_WARN_UNREACHABLE_CODE = YES;
				CLANG_WARN__DUPLICATE_METHOD_MATCH = YES;
				CODE_SIGN_ENTITLEMENTS = CarTube/CarTube.entitlements;
				COPY_PHASE_STRIP = NO;
				DEBUG_INFORMATION_FORMAT = dwarf;
				ENABLE_STRICT_OBJC_MSGSEND = YES;
				ENABLE_TESTABILITY = YES;
				GCC_C_LANGUAGE_STANDARD = gnu11;
				GCC_DYNAMIC_NO_PIC = NO;
				GCC_NO_COMMON_BLOCKS = YES;
				GCC_OPTIMIZATION_LEVEL = 0;
				GCC_PREPROCESSOR_DEFINITIONS = (
					"DEBUG=1",
					"$(inherited)",
				);
				GCC_WARN_64_TO_32_BIT_CONVERSION = YES;
				GCC_WARN_ABOUT_RETURN_TYPE = YES_ERROR;
				GCC_WARN_UNDECLARED_SELECTOR = YES;
				GCC_WARN_UNINITIALIZED_AUTOS = YES_AGGRESSIVE;
				GCC_WARN_UNUSED_FUNCTION = YES;
				GCC_WARN_UNUSED_VARIABLE = YES;
				IPHONEOS_DEPLOYMENT_TARGET = 14.0;
				MTL_ENABLE_DEBUG_INFO = INCLUDE_SOURCE;
				MTL_FAST_MATH = YES;
				ONLY_ACTIVE_ARCH = YES;
				SDKROOT = iphoneos;
				SWIFT_ACTIVE_COMPILATION_CONDITIONS = DEBUG;
				SWIFT_OPTIMIZATION_LEVEL = "-Onone";
			};
			name = Debug;
		};
		250B50D92953D12800397038 /* Release */ = {
			isa = XCBuildConfiguration;
			buildSettings = {
				ALWAYS_SEARCH_USER_PATHS = NO;
				CLANG_ANALYZER_NONNULL = YES;
				CLANG_ANALYZER_NUMBER_OBJECT_CONVERSION = YES_AGGRESSIVE;
				CLANG_CXX_LANGUAGE_STANDARD = "gnu++17";
				CLANG_CXX_LIBRARY = "libc++";
				CLANG_ENABLE_MODULES = YES;
				CLANG_ENABLE_OBJC_ARC = YES;
				CLANG_ENABLE_OBJC_WEAK = YES;
				CLANG_WARN_BLOCK_CAPTURE_AUTORELEASING = YES;
				CLANG_WARN_BOOL_CONVERSION = YES;
				CLANG_WARN_COMMA = YES;
				CLANG_WARN_CONSTANT_CONVERSION = YES;
				CLANG_WARN_DEPRECATED_OBJC_IMPLEMENTATIONS = YES;
				CLANG_WARN_DIRECT_OBJC_ISA_USAGE = YES_ERROR;
				CLANG_WARN_DOCUMENTATION_COMMENTS = YES;
				CLANG_WARN_EMPTY_BODY = YES;
				CLANG_WARN_ENUM_CONVERSION = YES;
				CLANG_WARN_INFINITE_RECURSION = YES;
				CLANG_WARN_INT_CONVERSION = YES;
				CLANG_WARN_NON_LITERAL_NULL_CONVERSION = YES;
				CLANG_WARN_OBJC_IMPLICIT_RETAIN_SELF = YES;
				CLANG_WARN_OBJC_LITERAL_CONVERSION = YES;
				CLANG_WARN_OBJC_ROOT_CLASS = YES_ERROR;
				CLANG_WARN_QUOTED_INCLUDE_IN_FRAMEWORK_HEADER = YES;
				CLANG_WARN_RANGE_LOOP_ANALYSIS = YES;
				CLANG_WARN_STRICT_PROTOTYPES = YES;
				CLANG_WARN_SUSPICIOUS_MOVE = YES;
				CLANG_WARN_UNGUARDED_AVAILABILITY = YES_AGGRESSIVE;
				CLANG_WARN_UNREACHABLE_CODE = YES;
				CLANG_WARN__DUPLICATE_METHOD_MATCH = YES;
				CODE_SIGN_ENTITLEMENTS = CarTube/CarTube.entitlements;
				COPY_PHASE_STRIP = NO;
				DEBUG_INFORMATION_FORMAT = "dwarf-with-dsym";
				ENABLE_NS_ASSERTIONS = NO;
				ENABLE_STRICT_OBJC_MSGSEND = YES;
				GCC_C_LANGUAGE_STANDARD = gnu11;
				GCC_NO_COMMON_BLOCKS = YES;
				GCC_WARN_64_TO_32_BIT_CONVERSION = YES;
				GCC_WARN_ABOUT_RETURN_TYPE = YES_ERROR;
				GCC_WARN_UNDECLARED_SELECTOR = YES;
				GCC_WARN_UNINITIALIZED_AUTOS = YES_AGGRESSIVE;
				GCC_WARN_UNUSED_FUNCTION = YES;
				GCC_WARN_UNUSED_VARIABLE = YES;
				IPHONEOS_DEPLOYMENT_TARGET = 14.0;
				MTL_ENABLE_DEBUG_INFO = NO;
				MTL_FAST_MATH = YES;
				SDKROOT = iphoneos;
				SWIFT_COMPILATION_MODE = wholemodule;
				SWIFT_OPTIMIZATION_LEVEL = "-O";
				VALIDATE_PRODUCT = YES;
			};
			name = Release;
		};
		250B50DB2953D12800397038 /* Debug */ = {
			isa = XCBuildConfiguration;
			buildSettings = {
				ALWAYS_EMBED_SWIFT_STANDARD_LIBRARIES = YES;
				ASSETCATALOG_COMPILER_APPICON_NAME = AppIcon;
				ASSETCATALOG_COMPILER_GLOBAL_ACCENT_COLOR_NAME = AccentColor;
				CLANG_ENABLE_MODULES = YES;
				CODE_SIGN_ENTITLEMENTS = CarTube/CarTube.entitlements;
				CODE_SIGN_STYLE = Automatic;
				CURRENT_PROJECT_VERSION = 1;
				DEVELOPMENT_ASSET_PATHS = "\"CarTube/Preview Content\"";
				DEVELOPMENT_TEAM = U67AKNW8PW;
				ENABLE_PREVIEWS = YES;
				FRAMEWORK_SEARCH_PATHS = "";
				GENERATE_INFOPLIST_FILE = YES;
				INFOPLIST_FILE = CarTube/Info.plist;
				INFOPLIST_KEY_CFBundleDisplayName = CarTube;
				INFOPLIST_KEY_LSApplicationCategoryType = "public.app-category.video";
				INFOPLIST_KEY_NSMicrophoneUsageDescription = "Used for voice search, etc.";
				INFOPLIST_KEY_UIApplicationSupportsIndirectInputEvents = YES;
				INFOPLIST_KEY_UILaunchScreen_Generation = YES;
				INFOPLIST_KEY_UIRequiredDeviceCapabilities = microphone;
				INFOPLIST_KEY_UISupportedInterfaceOrientations = UIInterfaceOrientationPortrait;
				INFOPLIST_KEY_UISupportedInterfaceOrientations_iPad = UIInterfaceOrientationLandscapeLeft;
				IPHONEOS_DEPLOYMENT_TARGET = 14.0;
				LD_RUNPATH_SEARCH_PATHS = (
					"$(inherited)",
					"@executable_path/Frameworks",
				);
				MARKETING_VERSION = 1.3;
				PRODUCT_BUNDLE_IDENTIFIER = com.avangelista.CarTube;
				PRODUCT_NAME = "$(TARGET_NAME)";
				SUPPORTED_PLATFORMS = "iphoneos iphonesimulator";
				SUPPORTS_MACCATALYST = NO;
				SUPPORTS_MAC_DESIGNED_FOR_IPHONE_IPAD = YES;
				SWIFT_EMIT_LOC_STRINGS = YES;
				SWIFT_OBJC_BRIDGING_HEADER = "CarTube/CarTube-Bridging-Header.h";
				SWIFT_OPTIMIZATION_LEVEL = "-Onone";
				SWIFT_VERSION = 5.0;
				TARGETED_DEVICE_FAMILY = 1;
			};
			name = Debug;
		};
		250B50DC2953D12800397038 /* Release */ = {
			isa = XCBuildConfiguration;
			buildSettings = {
				ALWAYS_EMBED_SWIFT_STANDARD_LIBRARIES = YES;
				ASSETCATALOG_COMPILER_APPICON_NAME = AppIcon;
				ASSETCATALOG_COMPILER_GLOBAL_ACCENT_COLOR_NAME = AccentColor;
				CLANG_ENABLE_MODULES = YES;
				CODE_SIGN_ENTITLEMENTS = CarTube/CarTube.entitlements;
				CODE_SIGN_STYLE = Automatic;
				CURRENT_PROJECT_VERSION = 1;
				DEVELOPMENT_ASSET_PATHS = "\"CarTube/Preview Content\"";
				DEVELOPMENT_TEAM = U67AKNW8PW;
				ENABLE_PREVIEWS = YES;
				FRAMEWORK_SEARCH_PATHS = "";
				GENERATE_INFOPLIST_FILE = YES;
				INFOPLIST_FILE = CarTube/Info.plist;
				INFOPLIST_KEY_CFBundleDisplayName = CarTube;
				INFOPLIST_KEY_LSApplicationCategoryType = "public.app-category.video";
				INFOPLIST_KEY_NSMicrophoneUsageDescription = "Used for voice search, etc.";
				INFOPLIST_KEY_UIApplicationSupportsIndirectInputEvents = YES;
				INFOPLIST_KEY_UILaunchScreen_Generation = YES;
				INFOPLIST_KEY_UIRequiredDeviceCapabilities = microphone;
				INFOPLIST_KEY_UISupportedInterfaceOrientations = UIInterfaceOrientationPortrait;
				INFOPLIST_KEY_UISupportedInterfaceOrientations_iPad = UIInterfaceOrientationLandscapeLeft;
				IPHONEOS_DEPLOYMENT_TARGET = 14.0;
				LD_RUNPATH_SEARCH_PATHS = (
					"$(inherited)",
					"@executable_path/Frameworks",
				);
				MARKETING_VERSION = 1.3;
				PRODUCT_BUNDLE_IDENTIFIER = com.avangelista.CarTube;
				PRODUCT_NAME = "$(TARGET_NAME)";
				SUPPORTED_PLATFORMS = "iphoneos iphonesimulator";
				SUPPORTS_MACCATALYST = NO;
				SUPPORTS_MAC_DESIGNED_FOR_IPHONE_IPAD = YES;
				SWIFT_EMIT_LOC_STRINGS = YES;
				SWIFT_OBJC_BRIDGING_HEADER = "CarTube/CarTube-Bridging-Header.h";
				SWIFT_VERSION = 5.0;
				TARGETED_DEVICE_FAMILY = 1;
			};
			name = Release;
		};
		257D149E297A58220095689E /* Debug */ = {
			isa = XCBuildConfiguration;
			buildSettings = {
				CLANG_CXX_LANGUAGE_STANDARD = "gnu++20";
				CODE_SIGN_STYLE = Automatic;
				CURRENT_PROJECT_VERSION = 1;
				DEVELOPMENT_TEAM = U67AKNW8PW;
				GENERATE_INFOPLIST_FILE = YES;
				INFOPLIST_FILE = PlayOnCarTube/Info.plist;
				INFOPLIST_KEY_CFBundleDisplayName = "Play On CarTube";
				INFOPLIST_KEY_NSHumanReadableCopyright = "";
				IPHONEOS_DEPLOYMENT_TARGET = 14.0;
				LD_RUNPATH_SEARCH_PATHS = (
					"$(inherited)",
					"@executable_path/Frameworks",
					"@executable_path/../../Frameworks",
				);
				MARKETING_VERSION = 1.3;
				PRODUCT_BUNDLE_IDENTIFIER = com.avangelista.CarTube.PlayOnCarTube;
				PRODUCT_NAME = "$(TARGET_NAME)";
				SKIP_INSTALL = YES;
				SWIFT_EMIT_LOC_STRINGS = YES;
				SWIFT_VERSION = 5.0;
				TARGETED_DEVICE_FAMILY = "1,2";
			};
			name = Debug;
		};
		257D149F297A58220095689E /* Release */ = {
			isa = XCBuildConfiguration;
			buildSettings = {
				CLANG_CXX_LANGUAGE_STANDARD = "gnu++20";
				CODE_SIGN_STYLE = Automatic;
				CURRENT_PROJECT_VERSION = 1;
				DEVELOPMENT_TEAM = U67AKNW8PW;
				GENERATE_INFOPLIST_FILE = YES;
				INFOPLIST_FILE = PlayOnCarTube/Info.plist;
				INFOPLIST_KEY_CFBundleDisplayName = "Play On CarTube";
				INFOPLIST_KEY_NSHumanReadableCopyright = "";
				IPHONEOS_DEPLOYMENT_TARGET = 14.0;
				LD_RUNPATH_SEARCH_PATHS = (
					"$(inherited)",
					"@executable_path/Frameworks",
					"@executable_path/../../Frameworks",
				);
				MARKETING_VERSION = 1.3;
				PRODUCT_BUNDLE_IDENTIFIER = com.avangelista.CarTube.PlayOnCarTube;
				PRODUCT_NAME = "$(TARGET_NAME)";
				SKIP_INSTALL = YES;
				SWIFT_EMIT_LOC_STRINGS = YES;
				SWIFT_VERSION = 5.0;
				TARGETED_DEVICE_FAMILY = "1,2";
			};
			name = Release;
		};
/* End XCBuildConfiguration section */

/* Begin XCConfigurationList section */
		250B50C72953D12500397038 /* Build configuration list for PBXProject "CarTube" */ = {
			isa = XCConfigurationList;
			buildConfigurations = (
				250B50D82953D12800397038 /* Debug */,
				250B50D92953D12800397038 /* Release */,
			);
			defaultConfigurationIsVisible = 0;
			defaultConfigurationName = Release;
		};
		250B50DA2953D12800397038 /* Build configuration list for PBXNativeTarget "CarTube" */ = {
			isa = XCConfigurationList;
			buildConfigurations = (
				250B50DB2953D12800397038 /* Debug */,
				250B50DC2953D12800397038 /* Release */,
			);
			defaultConfigurationIsVisible = 0;
			defaultConfigurationName = Release;
		};
		257D149D297A58220095689E /* Build configuration list for PBXNativeTarget "PlayOnCarTube" */ = {
			isa = XCConfigurationList;
			buildConfigurations = (
				257D149E297A58220095689E /* Debug */,
				257D149F297A58220095689E /* Release */,
			);
			defaultConfigurationIsVisible = 0;
			defaultConfigurationName = Release;
		};
/* End XCConfigurationList section */

/* Begin XCRemoteSwiftPackageReference section */
		25F18065295EC2A5007B9940 /* XCRemoteSwiftPackageReference "Dynamic" */ = {
			isa = XCRemoteSwiftPackageReference;
			repositoryURL = "https://github.com/mhdhejazi/Dynamic";
			requirement = {
				kind = upToNextMajorVersion;
				minimumVersion = 1.0.0;
			};
		};
/* End XCRemoteSwiftPackageReference section */

/* Begin XCSwiftPackageProductDependency section */
		25F18066295EC2A5007B9940 /* Dynamic */ = {
			isa = XCSwiftPackageProductDependency;
			package = 25F18065295EC2A5007B9940 /* XCRemoteSwiftPackageReference "Dynamic" */;
			productName = Dynamic;
		};
/* End XCSwiftPackageProductDependency section */
	};
	rootObject = 250B50C42953D12500397038 /* Project object */;
}
